{
  "name": "lunar-calendar-skill",
  "version": "1.0.0",
  "lockfileVersion": 3,
  "requires": true,
  "packages": {
    "": {
      "name": "lunar-calendar-skill",
      "version": "1.0.0",
      "license": "MIT",
      "dependencies": {
        "solarlunar": "^2.0.7"
      }
    },
    "node_modules/solarlunar": {
      "version": "2.0.7",
      "resolved": "https://registry.npmmirror.com/solarlunar/-/solarlunar-2.0.7.tgz",
      "integrity": "sha512-2SfuCCgAAxFU5MTMYuKGbRgRLcPTJQf3azMEw/GmBpHXA7N2eAQJStSqktZJjnq4qRCboBPnqEB866+PCregag==",
      "license": "ISC"
    }
  }
}
